// !$*UTF8*$!
{
	archiveVersion = 1;
	classes = {
	};
	objectVersion = 52;
	objects = {

/* Begin PBXBuildFile section */
		7E0B183525629218004F1D2F /* AppDelegate.swift in Sources */ = {isa = PBXBuildFile; fileRef = 7E0B183425629218004F1D2F /* AppDelegate.swift */; };
		7E0B183725629218004F1D2F /* SceneDelegate.swift in Sources */ = {isa = PBXBuildFile; fileRef = 7E0B183625629218004F1D2F /* SceneDelegate.swift */; };
		7E0B183925629218004F1D2F /* HomeViewController.swift in Sources */ = {isa = PBXBuildFile; fileRef = 7E0B183825629218004F1D2F /* HomeViewController.swift */; };
		7E0B183C25629218004F1D2F /* Main.storyboard in Resources */ = {isa = PBXBuildFile; fileRef = 7E0B183A25629218004F1D2F /* Main.storyboard */; };
		7E0B183E2562921B004F1D2F /* Assets.xcassets in Resources */ = {isa = PBXBuildFile; fileRef = 7E0B183D2562921B004F1D2F /* Assets.xcassets */; };
		7E0B18412562921B004F1D2F /* LaunchScreen.storyboard in Resources */ = {isa = PBXBuildFile; fileRef = 7E0B183F2562921B004F1D2F /* LaunchScreen.storyboard */; };
		7E0B184C2562943E004F1D2F /* Alamofire in Frameworks */ = {isa = PBXBuildFile; productRef = 7E0B184B2562943E004F1D2F /* Alamofire */; };
		7E0B184F2562A86F004F1D2F /* DetailViewController.swift in Sources */ = {isa = PBXBuildFile; fileRef = 7E0B184E2562A86F004F1D2F /* DetailViewController.swift */; };
		7E0B18522562A9EB004F1D2F /* CoinResponseModel.swift in Sources */ = {isa = PBXBuildFile; fileRef = 7E0B18512562A9EB004F1D2F /* CoinResponseModel.swift */; };
		7E0B18552562AA9E004F1D2F /* NetworkManager.swift in Sources */ = {isa = PBXBuildFile; fileRef = 7E0B18542562AA9E004F1D2F /* NetworkManager.swift */; };
		7E0B185A25630BB1004F1D2F /* SwiftyJSON in Frameworks */ = {isa = PBXBuildFile; productRef = 7E0B185925630BB1004F1D2F /* SwiftyJSON */; };
		7E30C9A7256867270002E964 /* SDWebImage in Frameworks */ = {isa = PBXBuildFile; productRef = 7E30C9A6256867270002E964 /* SDWebImage */; };
		7E30C9AB256868B40002E964 /* SDWebImageSVGCoder in Frameworks */ = {isa = PBXBuildFile; productRef = 7E30C9AA256868B40002E964 /* SDWebImageSVGCoder */; };
/* End PBXBuildFile section */

/* Begin PBXFileReference section */
		7E0B183125629218004F1D2F /* GetCoin.app */ = {isa = PBXFileReference; explicitFileType = wrapper.application; includeInIndex = 0; path = GetCoin.app; sourceTree = BUILT_PRODUCTS_DIR; };
		7E0B183425629218004F1D2F /* AppDelegate.swift */ = {isa = PBXFileReference; lastKnownFileType = sourcecode.swift; path = AppDelegate.swift; sourceTree = "<group>"; };
		7E0B183625629218004F1D2F /* SceneDelegate.swift */ = {isa = PBXFileReference; lastKnownFileType = sourcecode.swift; path = SceneDelegate.swift; sourceTree = "<group>"; };
		7E0B183825629218004F1D2F /* HomeViewController.swift */ = {isa = PBXFileReference; lastKnownFileType = sourcecode.swift; path = HomeViewController.swift; sourceTree = "<group>"; };
		7E0B183B25629218004F1D2F /* Base */ = {isa = PBXFileReference; lastKnownFileType = file.storyboard; name = Base; path = Base.lproj/Main.storyboard; sourceTree = "<group>"; };
		7E0B183D2562921B004F1D2F /* Assets.xcassets */ = {isa = PBXFileReference; lastKnownFileType = folder.assetcatalog; path = Assets.xcassets; sourceTree = "<group>"; };
		7E0B18402562921B004F1D2F /* Base */ = {isa = PBXFileReference; lastKnownFileType = file.storyboard; name = Base; path = Base.lproj/LaunchScreen.storyboard; sourceTree = "<group>"; };
		7E0B18422562921B004F1D2F /* Info.plist */ = {isa = PBXFileReference; lastKnownFileType = text.plist.xml; path = Info.plist; sourceTree = "<group>"; };
		7E0B184E2562A86F004F1D2F /* DetailViewController.swift */ = {isa = PBXFileReference; lastKnownFileType = sourcecode.swift; path = DetailViewController.swift; sourceTree = "<group>"; };
		7E0B18512562A9EB004F1D2F /* CoinResponseModel.swift */ = {isa = PBXFileReference; lastKnownFileType = sourcecode.swift; path = CoinResponseModel.swift; sourceTree = "<group>"; };
		7E0B18542562AA9E004F1D2F /* NetworkManager.swift */ = {isa = PBXFileReference; lastKnownFileType = sourcecode.swift; path = NetworkManager.swift; sourceTree = "<group>"; };
/* End PBXFileReference section */

/* Begin PBXFrameworksBuildPhase section */
		7E0B182E25629218004F1D2F /* Frameworks */ = {
			isa = PBXFrameworksBuildPhase;
			buildActionMask = 2147483647;
			files = (
				7E30C9A7256867270002E964 /* SDWebImage in Frameworks */,
				7E0B185A25630BB1004F1D2F /* SwiftyJSON in Frameworks */,
				7E0B184C2562943E004F1D2F /* Alamofire in Frameworks */,
				7E30C9AB256868B40002E964 /* SDWebImageSVGCoder in Frameworks */,
			);
			runOnlyForDeploymentPostprocessing = 0;
		};
/* End PBXFrameworksBuildPhase section */

/* Begin PBXGroup section */
		7E0B182825629218004F1D2F = {
			isa = PBXGroup;
			children = (
				7E0B183325629218004F1D2F /* GetCoin */,
				7E0B183225629218004F1D2F /* Products */,
			);
			sourceTree = "<group>";
		};
		7E0B183225629218004F1D2F /* Products */ = {
			isa = PBXGroup;
			children = (
				7E0B183125629218004F1D2F /* GetCoin.app */,
			);
			name = Products;
			sourceTree = "<group>";
		};
		7E0B183325629218004F1D2F /* GetCoin */ = {
			isa = PBXGroup;
			children = (
				7E0B183D2562921B004F1D2F /* Assets.xcassets */,
				7E0B18422562921B004F1D2F /* Info.plist */,
				7E0B183F2562921B004F1D2F /* LaunchScreen.storyboard */,
				7E0B183A25629218004F1D2F /* Main.storyboard */,
				7E0B183425629218004F1D2F /* AppDelegate.swift */,
				7E0B183625629218004F1D2F /* SceneDelegate.swift */,
				7E0B183825629218004F1D2F /* HomeViewController.swift */,
				7E0B184E2562A86F004F1D2F /* DetailViewController.swift */,
				7E0B18542562AA9E004F1D2F /* NetworkManager.swift */,
				7E0B18512562A9EB004F1D2F /* CoinResponseModel.swift */,
			);
			path = GetCoin;
			sourceTree = "<group>";
		};
/* End PBXGroup section */

/* Begin PBXNativeTarget section */
		7E0B183025629218004F1D2F /* GetCoin */ = {
			isa = PBXNativeTarget;
			buildConfigurationList = 7E0B18452562921B004F1D2F /* Build configuration list for PBXNativeTarget "GetCoin" */;
			buildPhases = (
				7E0B182D25629218004F1D2F /* Sources */,
				7E0B182E25629218004F1D2F /* Frameworks */,
				7E0B182F25629218004F1D2F /* Resources */,
			);
			buildRules = (
			);
			dependencies = (
			);
			name = GetCoin;
			packageProductDependencies = (
				7E0B184B2562943E004F1D2F /* Alamofire */,
				7E0B185925630BB1004F1D2F /* SwiftyJSON */,
				7E30C9A6256867270002E964 /* SDWebImage */,
				7E30C9AA256868B40002E964 /* SDWebImageSVGCoder */,
			);
			productName = GetCoin;
			productReference = 7E0B183125629218004F1D2F /* GetCoin.app */;
			productType = "com.apple.product-type.application";
		};
/* End PBXNativeTarget section */

/* Begin PBXProject section */
		7E0B182925629218004F1D2F /* Project object */ = {
			isa = PBXProject;
			attributes = {
				LastSwiftUpdateCheck = 1220;
				LastUpgradeCheck = 1220;
				TargetAttributes = {
					7E0B183025629218004F1D2F = {
						CreatedOnToolsVersion = 12.2;
					};
				};
			};
			buildConfigurationList = 7E0B182C25629218004F1D2F /* Build configuration list for PBXProject "GetCoin" */;
			compatibilityVersion = "Xcode 11.0";
			developmentRegion = en;
			hasScannedForEncodings = 0;
			knownRegions = (
				en,
				Base,
			);
			mainGroup = 7E0B182825629218004F1D2F;
			packageReferences = (
				7E0B184A2562943E004F1D2F /* XCRemoteSwiftPackageReference "Alamofire" */,
				7E0B185825630BB1004F1D2F /* XCRemoteSwiftPackageReference "SwiftyJSON" */,
				7E30C9A5256867270002E964 /* XCRemoteSwiftPackageReference "SDWebImage" */,
				7E30C9A9256868B40002E964 /* XCRemoteSwiftPackageReference "SDWebImageSVGCoder" */,
			);
			productRefGroup = 7E0B183225629218004F1D2F /* Products */;
			projectDirPath = "";
			projectRoot = "";
			targets = (
				7E0B183025629218004F1D2F /* GetCoin */,
			);
		};
/* End PBXProject section */

/* Begin PBXResourcesBuildPhase section */
		7E0B182F25629218004F1D2F /* Resources */ = {
			isa = PBXResourcesBuildPhase;
			buildActionMask = 2147483647;
			files = (
				7E0B18412562921B004F1D2F /* LaunchScreen.storyboard in Resources */,
				7E0B183E2562921B004F1D2F /* Assets.xcassets in Resources */,
				7E0B183C25629218004F1D2F /* Main.storyboard in Resources */,
			);
			runOnlyForDeploymentPostprocessing = 0;
		};
/* End PBXResourcesBuildPhase section */

/* Begin PBXSourcesBuildPhase section */
		7E0B182D25629218004F1D2F /* Sources */ = {
			isa = PBXSourcesBuildPhase;
			buildActionMask = 2147483647;
			files = (
				7E0B183925629218004F1D2F /* HomeViewController.swift in Sources */,
				7E0B183525629218004F1D2F /* AppDelegate.swift in Sources */,
				7E0B18552562AA9E004F1D2F /* NetworkManager.swift in Sources */,
				7E0B183725629218004F1D2F /* SceneDelegate.swift in Sources */,
				7E0B18522562A9EB004F1D2F /* CoinResponseModel.swift in Sources */,
				7E0B184F2562A86F004F1D2F /* DetailViewController.swift in Sources */,
			);
			runOnlyForDeploymentPostprocessing = 0;
		};
/* End PBXSourcesBuildPhase section */

/* Begin PBXVariantGroup section */
		7E0B183A25629218004F1D2F /* Main.storyboard */ = {
			isa = PBXVariantGroup;
			children = (
				7E0B183B25629218004F1D2F /* Base */,
			);
			name = Main.storyboard;
			sourceTree = "<group>";
		};
		7E0B183F2562921B004F1D2F /* LaunchScreen.storyboard */ = {
			isa = PBXVariantGroup;
			children = (
				7E0B18402562921B004F1D2F /* Base */,
			);
			name = LaunchScreen.storyboard;
			sourceTree = "<group>";
		};
/* End PBXVariantGroup section */

/* Begin XCBuildConfiguration section */
		7E0B18432562921B004F1D2F /* Debug */ = {
			isa = XCBuildConfiguration;
			buildSettings = {
				ALWAYS_SEARCH_USER_PATHS = NO;
				CLANG_ANALYZER_NONNULL = YES;
				CLANG_ANALYZER_NUMBER_OBJECT_CONVERSION = YES_AGGRESSIVE;
				CLANG_CXX_LANGUAGE_STANDARD = "gnu++14";
				CLANG_CXX_LIBRARY = "libc++";
				CLANG_ENABLE_MODULES = YES;
				CLANG_ENABLE_OBJC_ARC = YES;
				CLANG_ENABLE_OBJC_WEAK = YES;
				CLANG_WARN_BLOCK_CAPTURE_AUTORELEASING = YES;
				CLANG_WARN_BOOL_CONVERSION = YES;
				CLANG_WARN_COMMA = YES;
				CLANG_WARN_CONSTANT_CONVERSION = YES;
				CLANG_WARN_DEPRECATED_OBJC_IMPLEMENTATIONS = YES;
				CLANG_WARN_DIRECT_OBJC_ISA_USAGE = YES_ERROR;
				CLANG_WARN_DOCUMENTATION_COMMENTS = YES;
				CLANG_WARN_EMPTY_BODY = YES;
				CLANG_WARN_ENUM_CONVERSION = YES;
				CLANG_WARN_INFINITE_RECURSION = YES;
				CLANG_WARN_INT_CONVERSION = YES;
				CLANG_WARN_NON_LITERAL_NULL_CONVERSION = YES;
				CLANG_WARN_OBJC_IMPLICIT_RETAIN_SELF = YES;
				CLANG_WARN_OBJC_LITERAL_CONVERSION = YES;
				CLANG_WARN_OBJC_ROOT_CLASS = YES_ERROR;
				CLANG_WARN_QUOTED_INCLUDE_IN_FRAMEWORK_HEADER = YES;
				CLANG_WARN_RANGE_LOOP_ANALYSIS = YES;
				CLANG_WARN_STRICT_PROTOTYPES = YES;
				CLANG_WARN_SUSPICIOUS_MOVE = YES;
				CLANG_WARN_UNGUARDED_AVAILABILITY = YES_AGGRESSIVE;
				CLANG_WARN_UNREACHABLE_CODE = YES;
				CLANG_WARN__DUPLICATE_METHOD_MATCH = YES;
				COPY_PHASE_STRIP = NO;
				DEBUG_INFORMATION_FORMAT = dwarf;
				ENABLE_STRICT_OBJC_MSGSEND = YES;
				ENABLE_TESTABILITY = YES;
				GCC_C_LANGUAGE_STANDARD = gnu11;
				GCC_DYNAMIC_NO_PIC = NO;
				GCC_NO_COMMON_BLOCKS = YES;
				GCC_OPTIMIZATION_LEVEL = 0;
				GCC_PREPROCESSOR_DEFINITIONS = (
					"DEBUG=1",
					"$(inherited)",
				);
				GCC_WARN_64_TO_32_BIT_CONVERSION = YES;
				GCC_WARN_ABOUT_RETURN_TYPE = YES_ERROR;
				GCC_WARN_UNDECLARED_SELECTOR = YES;
				GCC_WARN_UNINITIALIZED_AUTOS = YES_AGGRESSIVE;
				GCC_WARN_UNUSED_FUNCTION = YES;
				GCC_WARN_UNUSED_VARIABLE = YES;
				IPHONEOS_DEPLOYMENT_TARGET = 13.0;
				MTL_ENABLE_DEBUG_INFO = INCLUDE_SOURCE;
				MTL_FAST_MATH = YES;
				ONLY_ACTIVE_ARCH = YES;
				SDKROOT = iphoneos;
				SWIFT_ACTIVE_COMPILATION_CONDITIONS = DEBUG;
				SWIFT_OPTIMIZATION_LEVEL = "-Onone";
			};
			name = Debug;
		};
		7E0B18442562921B004F1D2F /* Release */ = {
			isa = XCBuildConfiguration;
			buildSettings = {
				ALWAYS_SEARCH_USER_PATHS = NO;
				CLANG_ANALYZER_NONNULL = YES;
				CLANG_ANALYZER_NUMBER_OBJECT_CONVERSION = YES_AGGRESSIVE;
				CLANG_CXX_LANGUAGE_STANDARD = "gnu++14";
				CLANG_CXX_LIBRARY = "libc++";
				CLANG_ENABLE_MODULES = YES;
				CLANG_ENABLE_OBJC_ARC = YES;
				CLANG_ENABLE_OBJC_WEAK = YES;
				CLANG_WARN_BLOCK_CAPTURE_AUTORELEASING = YES;
				CLANG_WARN_BOOL_CONVERSION = YES;
				CLANG_WARN_COMMA = YES;
				CLANG_WARN_CONSTANT_CONVERSION = YES;
				CLANG_WARN_DEPRECATED_OBJC_IMPLEMENTATIONS = YES;
				CLANG_WARN_DIRECT_OBJC_ISA_USAGE = YES_ERROR;
				CLANG_WARN_DOCUMENTATION_COMMENTS = YES;
				CLANG_WARN_EMPTY_BODY = YES;
				CLANG_WARN_ENUM_CONVERSION = YES;
				CLANG_WARN_INFINITE_RECURSION = YES;
				CLANG_WARN_INT_CONVERSION = YES;
				CLANG_WARN_NON_LITERAL_NULL_CONVERSION = YES;
				CLANG_WARN_OBJC_IMPLICIT_RETAIN_SELF = YES;
				CLANG_WARN_OBJC_LITERAL_CONVERSION = YES;
				CLANG_WARN_OBJC_ROOT_CLASS = YES_ERROR;
				CLANG_WARN_QUOTED_INCLUDE_IN_FRAMEWORK_HEADER = YES;
				CLANG_WARN_RANGE_LOOP_ANALYSIS = YES;
				CLANG_WARN_STRICT_PROTOTYPES = YES;
				CLANG_WARN_SUSPICIOUS_MOVE = YES;
				CLANG_WARN_UNGUARDED_AVAILABILITY = YES_AGGRESSIVE;
				CLANG_WARN_UNREACHABLE_CODE = YES;
				CLANG_WARN__DUPLICATE_METHOD_MATCH = YES;
				COPY_PHASE_STRIP = NO;
				DEBUG_INFORMATION_FORMAT = "dwarf-with-dsym";
				ENABLE_NS_ASSERTIONS = NO;
				ENABLE_STRICT_OBJC_MSGSEND = YES;
				GCC_C_LANGUAGE_STANDARD = gnu11;
				GCC_NO_COMMON_BLOCKS = YES;
				GCC_WARN_64_TO_32_BIT_CONVERSION = YES;
				GCC_WARN_ABOUT_RETURN_TYPE = YES_ERROR;
				GCC_WARN_UNDECLARED_SELECTOR = YES;
				GCC_WARN_UNINITIALIZED_AUTOS = YES_AGGRESSIVE;
				GCC_WARN_UNUSED_FUNCTION = YES;
				GCC_WARN_UNUSED_VARIABLE = YES;
				IPHONEOS_DEPLOYMENT_TARGET = 13.0;
				MTL_ENABLE_DEBUG_INFO = NO;
				MTL_FAST_MATH = YES;
				SDKROOT = iphoneos;
				SWIFT_COMPILATION_MODE = wholemodule;
				SWIFT_OPTIMIZATION_LEVEL = "-O";
				VALIDATE_PRODUCT = YES;
			};
			name = Release;
		};
		7E0B18462562921B004F1D2F /* Debug */ = {
			isa = XCBuildConfiguration;
			buildSettings = {
				ASSETCATALOG_COMPILER_APPICON_NAME = AppIcon;
				ASSETCATALOG_COMPILER_GLOBAL_ACCENT_COLOR_NAME = AccentColor;
				CODE_SIGN_STYLE = Automatic;
				DEVELOPMENT_TEAM = 2439MNJB35;
				INFOPLIST_FILE = GetCoin/Info.plist;
				LD_RUNPATH_SEARCH_PATHS = (
					"$(inherited)",
					"@executable_path/Frameworks",
				);
				PRODUCT_BUNDLE_IDENTIFIER = com.yukselaggoz.GetCoin;
				PRODUCT_NAME = "$(TARGET_NAME)";
				SWIFT_VERSION = 5.0;
				TARGETED_DEVICE_FAMILY = "1,2";
			};
			name = Debug;
		};
		7E0B18472562921B004F1D2F /* Release */ = {
			isa = XCBuildConfiguration;
			buildSettings = {
				ASSETCATALOG_COMPILER_APPICON_NAME = AppIcon;
				ASSETCATALOG_COMPILER_GLOBAL_ACCENT_COLOR_NAME = AccentColor;
				CODE_SIGN_STYLE = Automatic;
				DEVELOPMENT_TEAM = 2439MNJB35;
				INFOPLIST_FILE = GetCoin/Info.plist;
				LD_RUNPATH_SEARCH_PATHS = (
					"$(inherited)",
					"@executable_path/Frameworks",
				);
				PRODUCT_BUNDLE_IDENTIFIER = com.yukselaggoz.GetCoin;
				PRODUCT_NAME = "$(TARGET_NAME)";
				SWIFT_VERSION = 5.0;
				TARGETED_DEVICE_FAMILY = "1,2";
			};
			name = Release;
		};
/* End XCBuildConfiguration section */

/* Begin XCConfigurationList section */
		7E0B182C25629218004F1D2F /* Build configuration list for PBXProject "GetCoin" */ = {
			isa = XCConfigurationList;
			buildConfigurations = (
				7E0B18432562921B004F1D2F /* Debug */,
				7E0B18442562921B004F1D2F /* Release */,
			);
			defaultConfigurationIsVisible = 0;
			defaultConfigurationName = Release;
		};
		7E0B18452562921B004F1D2F /* Build configuration list for PBXNativeTarget "GetCoin" */ = {
			isa = XCConfigurationList;
			buildConfigurations = (
				7E0B18462562921B004F1D2F /* Debug */,
				7E0B18472562921B004F1D2F /* Release */,
			);
			defaultConfigurationIsVisible = 0;
			defaultConfigurationName = Release;
		};
/* End XCConfigurationList section */

/* Begin XCRemoteSwiftPackageReference section */
		7E0B184A2562943E004F1D2F /* XCRemoteSwiftPackageReference "Alamofire" */ = {
			isa = XCRemoteSwiftPackageReference;
			repositoryURL = "https://github.com/Alamofire/Alamofire.git";
			requirement = {
				kind = upToNextMajorVersion;
				minimumVersion = 5.4.0;
			};
		};
		7E0B185825630BB1004F1D2F /* XCRemoteSwiftPackageReference "SwiftyJSON" */ = {
			isa = XCRemoteSwiftPackageReference;
			repositoryURL = "https://github.com/SwiftyJSON/SwiftyJSON.git";
			requirement = {
				kind = upToNextMajorVersion;
				minimumVersion = 5.0.0;
			};
		};
		7E30C9A5256867270002E964 /* XCRemoteSwiftPackageReference "SDWebImage" */ = {
			isa = XCRemoteSwiftPackageReference;
			repositoryURL = "https://github.com/SDWebImage/SDWebImage";
			requirement = {
				kind = upToNextMajorVersion;
				minimumVersion = 5.9.5;
			};
		};
		7E30C9A9256868B40002E964 /* XCRemoteSwiftPackageReference "SDWebImageSVGCoder" */ = {
			isa = XCRemoteSwiftPackageReference;
			repositoryURL = "https://github.com/SDWebImage/SDWebImageSVGCoder";
			requirement = {
				kind = upToNextMajorVersion;
				minimumVersion = 1.5.2;
			};
		};
/* End XCRemoteSwiftPackageReference section */

/* Begin XCSwiftPackageProductDependency section */
		7E0B184B2562943E004F1D2F /* Alamofire */ = {
			isa = XCSwiftPackageProductDependency;
			package = 7E0B184A2562943E004F1D2F /* XCRemoteSwiftPackageReference "Alamofire" */;
			productName = Alamofire;
		};
		7E0B185925630BB1004F1D2F /* SwiftyJSON */ = {
			isa = XCSwiftPackageProductDependency;
			package = 7E0B185825630BB1004F1D2F /* XCRemoteSwiftPackageReference "SwiftyJSON" */;
			productName = SwiftyJSON;
		};
		7E30C9A6256867270002E964 /* SDWebImage */ = {
			isa = XCSwiftPackageProductDependency;
			package = 7E30C9A5256867270002E964 /* XCRemoteSwiftPackageReference "SDWebImage" */;
			productName = SDWebImage;
		};
		7E30C9AA256868B40002E964 /* SDWebImageSVGCoder */ = {
			isa = XCSwiftPackageProductDependency;
			package = 7E30C9A9256868B40002E964 /* XCRemoteSwiftPackageReference "SDWebImageSVGCoder" */;
			productName = SDWebImageSVGCoder;
		};
/* End XCSwiftPackageProductDependency section */
	};
	rootObject = 7E0B182925629218004F1D2F /* Project object */;
}
